
Microsoft Visual Studio Solution File, Format Version 12.00
# Visual Studio 15
VisualStudioVersion = 15.0.28307.168
MinimumVisualStudioVersion = 10.0.40219.1
Project("{FAE04EC0-301F-11D3-BF4B-00C04F79EFBC}") = "MutualDefaultFiltering", "MutualDefaultFiltering\MutualDefaultFiltering.csproj", "{C3924B30-671A-4493-B41E-429C5301F76B}"
EndProject
Global
	GlobalSection(SolutionConfigurationPlatforms) = preSolution
		Debug|Any CPU = Debug|Any CPU
		Release|Any CPU = Release|Any CPU
	EndGlobalSection
	GlobalSection(ProjectConfigurationPlatforms) = postSolution
		{C3924B30-671A-4493-B41E-429C5301F76B}.Debug|Any CPU.ActiveCfg = Debug|Any CPU
		{C3924B30-671A-4493-B41E-429C5301F76B}.Debug|Any CPU.Build.0 = Debug|Any CPU
		{C3924B30-671A-4493-B41E-429C5301F76B}.Release|Any CPU.ActiveCfg = Release|Any CPU
		{C3924B30-671A-4493-B41E-429C5301F76B}.Release|Any CPU.Build.0 = Release|Any CPU
	EndGlobalSection
	GlobalSection(SolutionProperties) = preSolution
		HideSolutionNode = FALSE
	EndGlobalSection
	GlobalSection(ExtensibilityGlobals) = postSolution
		SolutionGuid = {3E2EE322-68AE-4A52-95AF-347C2047C5AD}
	EndGlobalSection
EndGlobal
